<Solution>
  <Folder Name="/Solution Items/">
    <File Path="Jenkinsfile" />
  </Folder>
  <Project Path="HealthAxis.Admin/HealthAxis.Admin.csproj" Id="0268282b-eec1-4f89-93e3-cc367e197556" />
  <Project Path="HealthAxis.API/HealthAxis.API.csproj" />
  <Project Path="HealthAxis.Shared/HealthAxis.Shared.csproj" Id="2e20a70b-f5d0-42e6-ae55-61f1eeb7839b" />
  <Project Path="HealthAxisTests/HealthAxisTests.csproj" Id="aada66f3-c98a-4a32-b7ec-1b04c9637ca3" />
</Solution>
